
Microsoft Visual Studio Solution File, Format Version 12.00
# Visual Studio Version 17
VisualStudioVersion = 17.0.31903.59
MinimumVisualStudioVersion = 10.0.40219.1
Project("{FAE04EC0-301F-11D3-BF4B-00C04F79EFBC}") = "AS1", "AS1\AS1.csproj", "{36715DD4-7905-4096-AFDA-B9D7D5EB3FC0}"
EndProject
Global
	GlobalSection(SolutionConfigurationPlatforms) = preSolution
		Debug|Any CPU = Debug|Any CPU
		Release|Any CPU = Release|Any CPU
	EndGlobalSection
	GlobalSection(SolutionProperties) = preSolution
		HideSolutionNode = FALSE
	EndGlobalSection
	GlobalSection(ProjectConfigurationPlatforms) = postSolution
		{36715DD4-7905-4096-AFDA-B9D7D5EB3FC0}.Debug|Any CPU.ActiveCfg = Debug|Any CPU
		{36715DD4-7905-4096-AFDA-B9D7D5EB3FC0}.Debug|Any CPU.Build.0 = Debug|Any CPU
		{36715DD4-7905-4096-AFDA-B9D7D5EB3FC0}.Release|Any CPU.ActiveCfg = Release|Any CPU
		{36715DD4-7905-4096-AFDA-B9D7D5EB3FC0}.Release|Any CPU.Build.0 = Release|Any CPU
	EndGlobalSection
EndGlobal
