
Microsoft Visual Studio Solution File, Format Version 12.00
# Visual Studio Version 17
VisualStudioVersion = 17.5.002.0
MinimumVisualStudioVersion = 10.0.40219.1
Project("{9A19103F-16F7-4668-BE54-9A1E7A4F7556}") = "Serdyuk1", "Serdyuk1.csproj", "{AB16F8BA-4900-46D8-B422-3EF7A76F3404}"
EndProject
Global
	GlobalSection(SolutionConfigurationPlatforms) = preSolution
		Debug|Any CPU = Debug|Any CPU
		Release|Any CPU = Release|Any CPU
	EndGlobalSection
	GlobalSection(ProjectConfigurationPlatforms) = postSolution
		{AB16F8BA-4900-46D8-B422-3EF7A76F3404}.Debug|Any CPU.ActiveCfg = Debug|Any CPU
		{AB16F8BA-4900-46D8-B422-3EF7A76F3404}.Debug|Any CPU.Build.0 = Debug|Any CPU
		{AB16F8BA-4900-46D8-B422-3EF7A76F3404}.Release|Any CPU.ActiveCfg = Release|Any CPU
		{AB16F8BA-4900-46D8-B422-3EF7A76F3404}.Release|Any CPU.Build.0 = Release|Any CPU
	EndGlobalSection
	GlobalSection(SolutionProperties) = preSolution
		HideSolutionNode = FALSE
	EndGlobalSection
	GlobalSection(ExtensibilityGlobals) = postSolution
		SolutionGuid = {28DBA035-1D2D-4A3D-BF73-ADD546B3ECFA}
	EndGlobalSection
EndGlobal
